// !$*UTF8*$!
{
	archiveVersion = 1;
	classes = {
	};
	objectVersion = 50;
	objects = {

/* Begin PBXBuildFile section */
		599E73432090D59F0032B50A /* main.cpp in Sources */ = {isa = PBXBuildFile; fileRef = 599E73422090D59F0032B50A /* main.cpp */; };
		599E73512090D6760032B50A /* Tree.cpp in Sources */ = {isa = PBXBuildFile; fileRef = 599E734B2090D6760032B50A /* Tree.cpp */; };
		599E73522090D6760032B50A /* old_test.cpp in Sources */ = {isa = PBXBuildFile; fileRef = 599E734D2090D6760032B50A /* old_test.cpp */; };
		599E73532090D6760032B50A /* LSM.cpp in Sources */ = {isa = PBXBuildFile; fileRef = 599E734E2090D6760032B50A /* LSM.cpp */; };
		599E73542090D6760032B50A /* Bloom_Filter.cpp in Sources */ = {isa = PBXBuildFile; fileRef = 599E73502090D6760032B50A /* Bloom_Filter.cpp */; };
/* End PBXBuildFile section */

/* Begin PBXCopyFilesBuildPhase section */
		599E733D2090D59F0032B50A /* CopyFiles */ = {
			isa = PBXCopyFilesBuildPhase;
			buildActionMask = 2147483647;
			dstPath = /usr/share/man/man1/;
			dstSubfolderSpec = 0;
			files = (
			);
			runOnlyForDeploymentPostprocessing = 1;
		};
/* End PBXCopyFilesBuildPhase section */

/* Begin PBXFileReference section */
		599E733F2090D59F0032B50A /* Parallel_LSM_Tree */ = {isa = PBXFileReference; explicitFileType = "compiled.mach-o.executable"; includeInIndex = 0; path = Parallel_LSM_Tree; sourceTree = BUILT_PRODUCTS_DIR; };
		599E73422090D59F0032B50A /* main.cpp */ = {isa = PBXFileReference; lastKnownFileType = sourcecode.cpp.cpp; path = main.cpp; sourceTree = "<group>"; };
		599E73492090D6690032B50A /* Bloom_Filter.hpp */ = {isa = PBXFileReference; fileEncoding = 4; lastKnownFileType = sourcecode.cpp.h; path = Bloom_Filter.hpp; sourceTree = "<group>"; };
		599E734A2090D6750032B50A /* LSM.hpp */ = {isa = PBXFileReference; fileEncoding = 4; lastKnownFileType = sourcecode.cpp.h; path = LSM.hpp; sourceTree = "<group>"; };
		599E734B2090D6760032B50A /* Tree.cpp */ = {isa = PBXFileReference; fileEncoding = 4; lastKnownFileType = sourcecode.cpp.cpp; path = Tree.cpp; sourceTree = "<group>"; };
		599E734C2090D6760032B50A /* old_test.hpp */ = {isa = PBXFileReference; fileEncoding = 4; lastKnownFileType = sourcecode.cpp.h; path = old_test.hpp; sourceTree = "<group>"; };
		599E734D2090D6760032B50A /* old_test.cpp */ = {isa = PBXFileReference; fileEncoding = 4; lastKnownFileType = sourcecode.cpp.cpp; path = old_test.cpp; sourceTree = "<group>"; };
		599E734E2090D6760032B50A /* LSM.cpp */ = {isa = PBXFileReference; fileEncoding = 4; lastKnownFileType = sourcecode.cpp.cpp; path = LSM.cpp; sourceTree = "<group>"; };
		599E734F2090D6760032B50A /* Tree.hpp */ = {isa = PBXFileReference; fileEncoding = 4; lastKnownFileType = sourcecode.cpp.h; path = Tree.hpp; sourceTree = "<group>"; };
		599E73502090D6760032B50A /* Bloom_Filter.cpp */ = {isa = PBXFileReference; fileEncoding = 4; lastKnownFileType = sourcecode.cpp.cpp; path = Bloom_Filter.cpp; sourceTree = "<group>"; };
		599E7356209219C70032B50A /* Multi_thread_unit_test.hpp */ = {isa = PBXFileReference; lastKnownFileType = sourcecode.cpp.h; path = Multi_thread_unit_test.hpp; sourceTree = "<group>"; };
/* End PBXFileReference section */

/* Begin PBXFrameworksBuildPhase section */
		599E733C2090D59F0032B50A /* Frameworks */ = {
			isa = PBXFrameworksBuildPhase;
			buildActionMask = 2147483647;
			files = (
			);
			runOnlyForDeploymentPostprocessing = 0;
		};
/* End PBXFrameworksBuildPhase section */

/* Begin PBXGroup section */
		599E73362090D59F0032B50A = {
			isa = PBXGroup;
			children = (
				599E73412090D59F0032B50A /* Parallel_LSM_Tree */,
				599E73402090D59F0032B50A /* Products */,
			);
			sourceTree = "<group>";
		};
		599E73402090D59F0032B50A /* Products */ = {
			isa = PBXGroup;
			children = (
				599E733F2090D59F0032B50A /* Parallel_LSM_Tree */,
			);
			name = Products;
			sourceTree = "<group>";
		};
		599E73412090D59F0032B50A /* Parallel_LSM_Tree */ = {
			isa = PBXGroup;
			children = (
				599E73502090D6760032B50A /* Bloom_Filter.cpp */,
				599E734E2090D6760032B50A /* LSM.cpp */,
				599E734A2090D6750032B50A /* LSM.hpp */,
				599E734D2090D6760032B50A /* old_test.cpp */,
				599E734C2090D6760032B50A /* old_test.hpp */,
				599E734B2090D6760032B50A /* Tree.cpp */,
				599E734F2090D6760032B50A /* Tree.hpp */,
				599E73492090D6690032B50A /* Bloom_Filter.hpp */,
				599E73422090D59F0032B50A /* main.cpp */,
				599E7356209219C70032B50A /* Multi_thread_unit_test.hpp */,
			);
			path = Parallel_LSM_Tree;
			sourceTree = "<group>";
		};
/* End PBXGroup section */

/* Begin PBXNativeTarget section */
		599E733E2090D59F0032B50A /* Parallel_LSM_Tree */ = {
			isa = PBXNativeTarget;
			buildConfigurationList = 599E73462090D59F0032B50A /* Build configuration list for PBXNativeTarget "Parallel_LSM_Tree" */;
			buildPhases = (
				599E733B2090D59F0032B50A /* Sources */,
				599E733C2090D59F0032B50A /* Frameworks */,
				599E733D2090D59F0032B50A /* CopyFiles */,
			);
			buildRules = (
			);
			dependencies = (
			);
			name = Parallel_LSM_Tree;
			productName = Parallel_LSM_Tree;
			productReference = 599E733F2090D59F0032B50A /* Parallel_LSM_Tree */;
			productType = "com.apple.product-type.tool";
		};
/* End PBXNativeTarget section */

/* Begin PBXProject section */
		599E73372090D59F0032B50A /* Project object */ = {
			isa = PBXProject;
			attributes = {
				LastUpgradeCheck = 0930;
				ORGANIZATIONNAME = "Shiyu Huang";
				TargetAttributes = {
					599E733E2090D59F0032B50A = {
						CreatedOnToolsVersion = 9.3;
					};
				};
			};
			buildConfigurationList = 599E733A2090D59F0032B50A /* Build configuration list for PBXProject "Parallel_LSM_Tree" */;
			compatibilityVersion = "Xcode 9.3";
			developmentRegion = en;
			hasScannedForEncodings = 0;
			knownRegions = (
				en,
			);
			mainGroup = 599E73362090D59F0032B50A;
			productRefGroup = 599E73402090D59F0032B50A /* Products */;
			projectDirPath = "";
			projectRoot = "";
			targets = (
				599E733E2090D59F0032B50A /* Parallel_LSM_Tree */,
			);
		};
/* End PBXProject section */

/* Begin PBXSourcesBuildPhase section */
		599E733B2090D59F0032B50A /* Sources */ = {
			isa = PBXSourcesBuildPhase;
			buildActionMask = 2147483647;
			files = (
				599E73532090D6760032B50A /* LSM.cpp in Sources */,
				599E73432090D59F0032B50A /* main.cpp in Sources */,
				599E73512090D6760032B50A /* Tree.cpp in Sources */,
				599E73522090D6760032B50A /* old_test.cpp in Sources */,
				599E73542090D6760032B50A /* Bloom_Filter.cpp in Sources */,
			);
			runOnlyForDeploymentPostprocessing = 0;
		};
/* End PBXSourcesBuildPhase section */

/* Begin XCBuildConfiguration section */
		599E73442090D59F0032B50A /* Debug */ = {
			isa = XCBuildConfiguration;
			buildSettings = {
				ALWAYS_SEARCH_USER_PATHS = NO;
				CLANG_ANALYZER_NONNULL = YES;
				CLANG_ANALYZER_NUMBER_OBJECT_CONVERSION = YES_AGGRESSIVE;
				CLANG_CXX_LANGUAGE_STANDARD = "gnu++14";
				CLANG_CXX_LIBRARY = "libc++";
				CLANG_ENABLE_MODULES = YES;
				CLANG_ENABLE_OBJC_ARC = YES;
				CLANG_ENABLE_OBJC_WEAK = YES;
				CLANG_WARN_BLOCK_CAPTURE_AUTORELEASING = YES;
				CLANG_WARN_BOOL_CONVERSION = YES;
				CLANG_WARN_COMMA = YES;
				CLANG_WARN_CONSTANT_CONVERSION = YES;
				CLANG_WARN_DEPRECATED_OBJC_IMPLEMENTATIONS = YES;
				CLANG_WARN_DIRECT_OBJC_ISA_USAGE = YES_ERROR;
				CLANG_WARN_DOCUMENTATION_COMMENTS = YES;
				CLANG_WARN_EMPTY_BODY = YES;
				CLANG_WARN_ENUM_CONVERSION = YES;
				CLANG_WARN_INFINITE_RECURSION = YES;
				CLANG_WARN_INT_CONVERSION = YES;
				CLANG_WARN_NON_LITERAL_NULL_CONVERSION = YES;
				CLANG_WARN_OBJC_IMPLICIT_RETAIN_SELF = YES;
				CLANG_WARN_OBJC_LITERAL_CONVERSION = YES;
				CLANG_WARN_OBJC_ROOT_CLASS = YES_ERROR;
				CLANG_WARN_RANGE_LOOP_ANALYSIS = YES;
				CLANG_WARN_STRICT_PROTOTYPES = YES;
				CLANG_WARN_SUSPICIOUS_MOVE = YES;
				CLANG_WARN_UNGUARDED_AVAILABILITY = YES_AGGRESSIVE;
				CLANG_WARN_UNREACHABLE_CODE = YES;
				CLANG_WARN__DUPLICATE_METHOD_MATCH = YES;
				CODE_SIGN_IDENTITY = "Mac Developer";
				COPY_PHASE_STRIP = NO;
				DEBUG_INFORMATION_FORMAT = dwarf;
				ENABLE_STRICT_OBJC_MSGSEND = YES;
				ENABLE_TESTABILITY = YES;
				GCC_C_LANGUAGE_STANDARD = gnu11;
				GCC_DYNAMIC_NO_PIC = NO;
				GCC_NO_COMMON_BLOCKS = YES;
				GCC_OPTIMIZATION_LEVEL = 0;
				GCC_PREPROCESSOR_DEFINITIONS = (
					"DEBUG=1",
					"$(inherited)",
				);
				GCC_WARN_64_TO_32_BIT_CONVERSION = YES;
				GCC_WARN_ABOUT_RETURN_TYPE = YES_ERROR;
				GCC_WARN_UNDECLARED_SELECTOR = YES;
				GCC_WARN_UNINITIALIZED_AUTOS = YES_AGGRESSIVE;
				GCC_WARN_UNUSED_FUNCTION = YES;
				GCC_WARN_UNUSED_VARIABLE = YES;
				MACOSX_DEPLOYMENT_TARGET = 10.13;
				MTL_ENABLE_DEBUG_INFO = YES;
				ONLY_ACTIVE_ARCH = YES;
				SDKROOT = macosx;
			};
			name = Debug;
		};
		599E73452090D59F0032B50A /* Release */ = {
			isa = XCBuildConfiguration;
			buildSettings = {
				ALWAYS_SEARCH_USER_PATHS = NO;
				CLANG_ANALYZER_NONNULL = YES;
				CLANG_ANALYZER_NUMBER_OBJECT_CONVERSION = YES_AGGRESSIVE;
				CLANG_CXX_LANGUAGE_STANDARD = "gnu++14";
				CLANG_CXX_LIBRARY = "libc++";
				CLANG_ENABLE_MODULES = YES;
				CLANG_ENABLE_OBJC_ARC = YES;
				CLANG_ENABLE_OBJC_WEAK = YES;
				CLANG_WARN_BLOCK_CAPTURE_AUTORELEASING = YES;
				CLANG_WARN_BOOL_CONVERSION = YES;
				CLANG_WARN_COMMA = YES;
				CLANG_WARN_CONSTANT_CONVERSION = YES;
				CLANG_WARN_DEPRECATED_OBJC_IMPLEMENTATIONS = YES;
				CLANG_WARN_DIRECT_OBJC_ISA_USAGE = YES_ERROR;
				CLANG_WARN_DOCUMENTATION_COMMENTS = YES;
				CLANG_WARN_EMPTY_BODY = YES;
				CLANG_WARN_ENUM_CONVERSION = YES;
				CLANG_WARN_INFINITE_RECURSION = YES;
				CLANG_WARN_INT_CONVERSION = YES;
				CLANG_WARN_NON_LITERAL_NULL_CONVERSION = YES;
				CLANG_WARN_OBJC_IMPLICIT_RETAIN_SELF = YES;
				CLANG_WARN_OBJC_LITERAL_CONVERSION = YES;
				CLANG_WARN_OBJC_ROOT_CLASS = YES_ERROR;
				CLANG_WARN_RANGE_LOOP_ANALYSIS = YES;
				CLANG_WARN_STRICT_PROTOTYPES = YES;
				CLANG_WARN_SUSPICIOUS_MOVE = YES;
				CLANG_WARN_UNGUARDED_AVAILABILITY = YES_AGGRESSIVE;
				CLANG_WARN_UNREACHABLE_CODE = YES;
				CLANG_WARN__DUPLICATE_METHOD_MATCH = YES;
				CODE_SIGN_IDENTITY = "Mac Developer";
				COPY_PHASE_STRIP = NO;
				DEBUG_INFORMATION_FORMAT = "dwarf-with-dsym";
				ENABLE_NS_ASSERTIONS = NO;
				ENABLE_STRICT_OBJC_MSGSEND = YES;
				GCC_C_LANGUAGE_STANDARD = gnu11;
				GCC_NO_COMMON_BLOCKS = YES;
				GCC_WARN_64_TO_32_BIT_CONVERSION = YES;
				GCC_WARN_ABOUT_RETURN_TYPE = YES_ERROR;
				GCC_WARN_UNDECLARED_SELECTOR = YES;
				GCC_WARN_UNINITIALIZED_AUTOS = YES_AGGRESSIVE;
				GCC_WARN_UNUSED_FUNCTION = YES;
				GCC_WARN_UNUSED_VARIABLE = YES;
				MACOSX_DEPLOYMENT_TARGET = 10.13;
				MTL_ENABLE_DEBUG_INFO = NO;
				SDKROOT = macosx;
			};
			name = Release;
		};
		599E73472090D59F0032B50A /* Debug */ = {
			isa = XCBuildConfiguration;
			buildSettings = {
				CODE_SIGN_STYLE = Automatic;
				DEVELOPMENT_TEAM = 5GQX23F6J5;
				PRODUCT_NAME = "$(TARGET_NAME)";
			};
			name = Debug;
		};
		599E73482090D59F0032B50A /* Release */ = {
			isa = XCBuildConfiguration;
			buildSettings = {
				CODE_SIGN_STYLE = Automatic;
				DEVELOPMENT_TEAM = 5GQX23F6J5;
				PRODUCT_NAME = "$(TARGET_NAME)";
			};
			name = Release;
		};
/* End XCBuildConfiguration section */

/* Begin XCConfigurationList section */
		599E733A2090D59F0032B50A /* Build configuration list for PBXProject "Parallel_LSM_Tree" */ = {
			isa = XCConfigurationList;
			buildConfigurations = (
				599E73442090D59F0032B50A /* Debug */,
				599E73452090D59F0032B50A /* Release */,
			);
			defaultConfigurationIsVisible = 0;
			defaultConfigurationName = Release;
		};
		599E73462090D59F0032B50A /* Build configuration list for PBXNativeTarget "Parallel_LSM_Tree" */ = {
			isa = XCConfigurationList;
			buildConfigurations = (
				599E73472090D59F0032B50A /* Debug */,
				599E73482090D59F0032B50A /* Release */,
			);
			defaultConfigurationIsVisible = 0;
			defaultConfigurationName = Release;
		};
/* End XCConfigurationList section */
	};
	rootObject = 599E73372090D59F0032B50A /* Project object */;
}
